// !$*UTF8*$!
{
	archiveVersion = 1;
	classes = {
	};
	objectVersion = 42;
	objects = {

/* Begin PBXBuildFile section */
		835498940D111FD60089F1D6 /* mount_pdf.i386 in Resources */ = {isa = PBXBuildFile; fileRef = 835498930D111FD60089F1D6 /* mount_pdf.i386 */; };
		83E0D48A0CFFD62600EB35DA /* FPAppWindow.m in Sources */ = {isa = PBXBuildFile; fileRef = 83E0D4890CFFD62600EB35DA /* FPAppWindow.m */; };
		83E0D4AB0CFFDA2500EB35DA /* FPAppWindow.nib in Resources */ = {isa = PBXBuildFile; fileRef = 83E0D4A90CFFDA2500EB35DA /* FPAppWindow.nib */; };
		83E0D4B50CFFDABA00EB35DA /* AppDelegate.m in Sources */ = {isa = PBXBuildFile; fileRef = 83E0D4B40CFFDABA00EB35DA /* AppDelegate.m */; };
		83E0D53C0CFFEFF100EB35DA /* TaskWrapper.m in Sources */ = {isa = PBXBuildFile; fileRef = 83E0D53B0CFFEFF100EB35DA /* TaskWrapper.m */; };
		83E0D5A60D066BDA00EB35DA /* BundledTask.m in Sources */ = {isa = PBXBuildFile; fileRef = 83E0D5A30D066BDA00EB35DA /* BundledTask.m */; };
		83E0D5A70D066BDA00EB35DA /* Callback.m in Sources */ = {isa = PBXBuildFile; fileRef = 83E0D5A50D066BDA00EB35DA /* Callback.m */; };
		83E0D67F0D10E3E800EB35DA /* DragWell.m in Sources */ = {isa = PBXBuildFile; fileRef = 83E0D67E0D10E3E800EB35DA /* DragWell.m */; };
		83E0D7180D10F83000EB35DA /* PDFList.m in Sources */ = {isa = PBXBuildFile; fileRef = 83E0D7170D10F83000EB35DA /* PDFList.m */; };
		83E0D7F90D111EFA00EB35DA /* mount_pdf.ppc in Resources */ = {isa = PBXBuildFile; fileRef = 83E0D7F80D111EFA00EB35DA /* mount_pdf.ppc */; };
		8D11072A0486CEB800E47090 /* MainMenu.nib in Resources */ = {isa = PBXBuildFile; fileRef = 29B97318FDCFA39411CA2CEA /* MainMenu.nib */; };
		8D11072B0486CEB800E47090 /* InfoPlist.strings in Resources */ = {isa = PBXBuildFile; fileRef = 089C165CFE840E0CC02AAC07 /* InfoPlist.strings */; };
		8D11072D0486CEB800E47090 /* main.m in Sources */ = {isa = PBXBuildFile; fileRef = 29B97316FDCFA39411CA2CEA /* main.m */; settings = {ATTRIBUTES = (); }; };
		8D11072F0486CEB800E47090 /* Cocoa.framework in Frameworks */ = {isa = PBXBuildFile; fileRef = 1058C7A1FEA54F0111CA2CBB /* Cocoa.framework */; };
/* End PBXBuildFile section */

/* Begin PBXFileReference section */
		089C165DFE840E0CC02AAC07 /* English */ = {isa = PBXFileReference; fileEncoding = 10; lastKnownFileType = text.plist.strings; name = English; path = English.lproj/InfoPlist.strings; sourceTree = "<group>"; };
		1058C7A1FEA54F0111CA2CBB /* Cocoa.framework */ = {isa = PBXFileReference; lastKnownFileType = wrapper.framework; name = Cocoa.framework; path = /System/Library/Frameworks/Cocoa.framework; sourceTree = "<absolute>"; };
		13E42FB307B3F0F600E4EEF1 /* CoreData.framework */ = {isa = PBXFileReference; lastKnownFileType = wrapper.framework; name = CoreData.framework; path = /System/Library/Frameworks/CoreData.framework; sourceTree = "<absolute>"; };
		29B97316FDCFA39411CA2CEA /* main.m */ = {isa = PBXFileReference; fileEncoding = 4; lastKnownFileType = sourcecode.c.objc; path = main.m; sourceTree = "<group>"; };
		29B97319FDCFA39411CA2CEA /* English */ = {isa = PBXFileReference; lastKnownFileType = wrapper.nib; name = English; path = English.lproj/MainMenu.nib; sourceTree = "<group>"; };
		29B97324FDCFA39411CA2CEA /* AppKit.framework */ = {isa = PBXFileReference; lastKnownFileType = wrapper.framework; name = AppKit.framework; path = /System/Library/Frameworks/AppKit.framework; sourceTree = "<absolute>"; };
		29B97325FDCFA39411CA2CEA /* Foundation.framework */ = {isa = PBXFileReference; lastKnownFileType = wrapper.framework; name = Foundation.framework; path = /System/Library/Frameworks/Foundation.framework; sourceTree = "<absolute>"; };
		32CA4F630368D1EE00C91783 /* Fuse-PDF-App_Prefix.pch */ = {isa = PBXFileReference; fileEncoding = 4; lastKnownFileType = sourcecode.c.h; path = "Fuse-PDF-App_Prefix.pch"; sourceTree = "<group>"; };
		835498930D111FD60089F1D6 /* mount_pdf.i386 */ = {isa = PBXFileReference; explicitFileType = compiled; name = mount_pdf.i386; path = ../mount_pdf.i386; sourceTree = SOURCE_ROOT; };
		83E0D4880CFFD62600EB35DA /* FPAppWindow.h */ = {isa = PBXFileReference; fileEncoding = 4; lastKnownFileType = sourcecode.c.h; path = FPAppWindow.h; sourceTree = "<group>"; };
		83E0D4890CFFD62600EB35DA /* FPAppWindow.m */ = {isa = PBXFileReference; fileEncoding = 4; lastKnownFileType = sourcecode.c.objc; path = FPAppWindow.m; sourceTree = "<group>"; };
		83E0D4AA0CFFDA2500EB35DA /* English */ = {isa = PBXFileReference; lastKnownFileType = wrapper.nib; name = English; path = English.lproj/FPAppWindow.nib; sourceTree = "<group>"; };
		83E0D4B30CFFDABA00EB35DA /* AppDelegate.h */ = {isa = PBXFileReference; fileEncoding = 4; lastKnownFileType = sourcecode.c.h; path = AppDelegate.h; sourceTree = "<group>"; };
		83E0D4B40CFFDABA00EB35DA /* AppDelegate.m */ = {isa = PBXFileReference; fileEncoding = 4; lastKnownFileType = sourcecode.c.objc; path = AppDelegate.m; sourceTree = "<group>"; };
		83E0D53A0CFFEFF100EB35DA /* TaskWrapper.h */ = {isa = PBXFileReference; fileEncoding = 4; lastKnownFileType = sourcecode.c.h; path = TaskWrapper.h; sourceTree = "<group>"; };
		83E0D53B0CFFEFF100EB35DA /* TaskWrapper.m */ = {isa = PBXFileReference; fileEncoding = 4; lastKnownFileType = sourcecode.c.objc; path = TaskWrapper.m; sourceTree = "<group>"; };
		83E0D5A20D066BD900EB35DA /* BundledTask.h */ = {isa = PBXFileReference; fileEncoding = 4; lastKnownFileType = sourcecode.c.h; path = BundledTask.h; sourceTree = "<group>"; };
		83E0D5A30D066BDA00EB35DA /* BundledTask.m */ = {isa = PBXFileReference; fileEncoding = 4; lastKnownFileType = sourcecode.c.objc; path = BundledTask.m; sourceTree = "<group>"; };
		83E0D5A40D066BDA00EB35DA /* Callback.h */ = {isa = PBXFileReference; fileEncoding = 4; lastKnownFileType = sourcecode.c.h; path = Callback.h; sourceTree = "<group>"; };
		83E0D5A50D066BDA00EB35DA /* Callback.m */ = {isa = PBXFileReference; fileEncoding = 4; lastKnownFileType = sourcecode.c.objc; path = Callback.m; sourceTree = "<group>"; };
		83E0D67D0D10E3E800EB35DA /* DragWell.h */ = {isa = PBXFileReference; fileEncoding = 4; lastKnownFileType = sourcecode.c.h; path = DragWell.h; sourceTree = "<group>"; };
		83E0D67E0D10E3E800EB35DA /* DragWell.m */ = {isa = PBXFileReference; fileEncoding = 4; lastKnownFileType = sourcecode.c.objc; path = DragWell.m; sourceTree = "<group>"; };
		83E0D7160D10F83000EB35DA /* PDFList.h */ = {isa = PBXFileReference; fileEncoding = 4; lastKnownFileType = sourcecode.c.h; path = PDFList.h; sourceTree = "<group>"; };
		83E0D7170D10F83000EB35DA /* PDFList.m */ = {isa = PBXFileReference; fileEncoding = 4; lastKnownFileType = sourcecode.c.objc; path = PDFList.m; sourceTree = "<group>"; };
		83E0D7F80D111EFA00EB35DA /* mount_pdf.ppc */ = {isa = PBXFileReference; explicitFileType = compiled; name = mount_pdf.ppc; path = ../mount_pdf.ppc; sourceTree = SOURCE_ROOT; };
		8D1107310486CEB800E47090 /* Info.plist */ = {isa = PBXFileReference; fileEncoding = 4; lastKnownFileType = text.plist; path = Info.plist; sourceTree = "<group>"; };
		8D1107320486CEB800E47090 /* Fuse-PDF-App.app */ = {isa = PBXFileReference; explicitFileType = wrapper.application; includeInIndex = 0; path = "Fuse-PDF-App.app"; sourceTree = BUILT_PRODUCTS_DIR; };
/* End PBXFileReference section */

/* Begin PBXFrameworksBuildPhase section */
		8D11072E0486CEB800E47090 /* Frameworks */ = {
			isa = PBXFrameworksBuildPhase;
			buildActionMask = 2147483647;
			files = (
				8D11072F0486CEB800E47090 /* Cocoa.framework in Frameworks */,
			);
			runOnlyForDeploymentPostprocessing = 0;
		};
/* End PBXFrameworksBuildPhase section */

/* Begin PBXGroup section */
		080E96DDFE201D6D7F000001 /* Classes */ = {
			isa = PBXGroup;
			children = (
				83E0D67D0D10E3E800EB35DA /* DragWell.h */,
				83E0D67E0D10E3E800EB35DA /* DragWell.m */,
				83E0D5AA0D066C3700EB35DA /* ResourceTask */,
				83E0D4B30CFFDABA00EB35DA /* AppDelegate.h */,
				83E0D4B40CFFDABA00EB35DA /* AppDelegate.m */,
				83E0D4880CFFD62600EB35DA /* FPAppWindow.h */,
				83E0D4890CFFD62600EB35DA /* FPAppWindow.m */,
				83E0D7160D10F83000EB35DA /* PDFList.h */,
				83E0D7170D10F83000EB35DA /* PDFList.m */,
			);
			name = Classes;
			sourceTree = "<group>";
		};
		1058C7A0FEA54F0111CA2CBB /* Linked Frameworks */ = {
			isa = PBXGroup;
			children = (
				1058C7A1FEA54F0111CA2CBB /* Cocoa.framework */,
			);
			name = "Linked Frameworks";
			sourceTree = "<group>";
		};
		1058C7A2FEA54F0111CA2CBB /* Other Frameworks */ = {
			isa = PBXGroup;
			children = (
				29B97324FDCFA39411CA2CEA /* AppKit.framework */,
				13E42FB307B3F0F600E4EEF1 /* CoreData.framework */,
				29B97325FDCFA39411CA2CEA /* Foundation.framework */,
			);
			name = "Other Frameworks";
			sourceTree = "<group>";
		};
		19C28FACFE9D520D11CA2CBB /* Products */ = {
			isa = PBXGroup;
			children = (
				8D1107320486CEB800E47090 /* Fuse-PDF-App.app */,
			);
			name = Products;
			sourceTree = "<group>";
		};
		29B97314FDCFA39411CA2CEA /* Fuse-PDF-App */ = {
			isa = PBXGroup;
			children = (
				080E96DDFE201D6D7F000001 /* Classes */,
				29B97315FDCFA39411CA2CEA /* Other Sources */,
				29B97317FDCFA39411CA2CEA /* Resources */,
				29B97323FDCFA39411CA2CEA /* Frameworks */,
				19C28FACFE9D520D11CA2CBB /* Products */,
			);
			name = "Fuse-PDF-App";
			sourceTree = "<group>";
		};
		29B97315FDCFA39411CA2CEA /* Other Sources */ = {
			isa = PBXGroup;
			children = (
				32CA4F630368D1EE00C91783 /* Fuse-PDF-App_Prefix.pch */,
				29B97316FDCFA39411CA2CEA /* main.m */,
			);
			name = "Other Sources";
			sourceTree = "<group>";
		};
		29B97317FDCFA39411CA2CEA /* Resources */ = {
			isa = PBXGroup;
			children = (
				835498930D111FD60089F1D6 /* mount_pdf.i386 */,
				83E0D7F80D111EFA00EB35DA /* mount_pdf.ppc */,
				8D1107310486CEB800E47090 /* Info.plist */,
				089C165CFE840E0CC02AAC07 /* InfoPlist.strings */,
				29B97318FDCFA39411CA2CEA /* MainMenu.nib */,
				83E0D4A90CFFDA2500EB35DA /* FPAppWindow.nib */,
			);
			name = Resources;
			sourceTree = "<group>";
		};
		29B97323FDCFA39411CA2CEA /* Frameworks */ = {
			isa = PBXGroup;
			children = (
				1058C7A0FEA54F0111CA2CBB /* Linked Frameworks */,
				1058C7A2FEA54F0111CA2CBB /* Other Frameworks */,
			);
			name = Frameworks;
			sourceTree = "<group>";
		};
		83E0D5AA0D066C3700EB35DA /* ResourceTask */ = {
			isa = PBXGroup;
			children = (
				83E0D5A20D066BD900EB35DA /* BundledTask.h */,
				83E0D5A30D066BDA00EB35DA /* BundledTask.m */,
				83E0D5A40D066BDA00EB35DA /* Callback.h */,
				83E0D5A50D066BDA00EB35DA /* Callback.m */,
				83E0D53A0CFFEFF100EB35DA /* TaskWrapper.h */,
				83E0D53B0CFFEFF100EB35DA /* TaskWrapper.m */,
			);
			name = ResourceTask;
			sourceTree = "<group>";
		};
/* End PBXGroup section */

/* Begin PBXNativeTarget section */
		8D1107260486CEB800E47090 /* Fuse-PDF-App */ = {
			isa = PBXNativeTarget;
			buildConfigurationList = C01FCF4A08A954540054247B /* Build configuration list for PBXNativeTarget "Fuse-PDF-App" */;
			buildPhases = (
				8D1107290486CEB800E47090 /* Resources */,
				8D11072C0486CEB800E47090 /* Sources */,
				8D11072E0486CEB800E47090 /* Frameworks */,
			);
			buildRules = (
			);
			dependencies = (
			);
			name = "Fuse-PDF-App";
			productInstallPath = "$(HOME)/Applications";
			productName = "Fuse-PDF-App";
			productReference = 8D1107320486CEB800E47090 /* Fuse-PDF-App.app */;
			productType = "com.apple.product-type.application";
		};
/* End PBXNativeTarget section */

/* Begin PBXProject section */
		29B97313FDCFA39411CA2CEA /* Project object */ = {
			isa = PBXProject;
			buildConfigurationList = C01FCF4E08A954540054247B /* Build configuration list for PBXProject "Fuse-PDF-App" */;
			hasScannedForEncodings = 1;
			mainGroup = 29B97314FDCFA39411CA2CEA /* Fuse-PDF-App */;
			projectDirPath = "";
			targets = (
				8D1107260486CEB800E47090 /* Fuse-PDF-App */,
			);
		};
/* End PBXProject section */

/* Begin PBXResourcesBuildPhase section */
		8D1107290486CEB800E47090 /* Resources */ = {
			isa = PBXResourcesBuildPhase;
			buildActionMask = 2147483647;
			files = (
				8D11072A0486CEB800E47090 /* MainMenu.nib in Resources */,
				8D11072B0486CEB800E47090 /* InfoPlist.strings in Resources */,
				83E0D4AB0CFFDA2500EB35DA /* FPAppWindow.nib in Resources */,
				83E0D7F90D111EFA00EB35DA /* mount_pdf.ppc in Resources */,
				835498940D111FD60089F1D6 /* mount_pdf.i386 in Resources */,
			);
			runOnlyForDeploymentPostprocessing = 0;
		};
/* End PBXResourcesBuildPhase section */

/* Begin PBXSourcesBuildPhase section */
		8D11072C0486CEB800E47090 /* Sources */ = {
			isa = PBXSourcesBuildPhase;
			buildActionMask = 2147483647;
			files = (
				8D11072D0486CEB800E47090 /* main.m in Sources */,
				83E0D48A0CFFD62600EB35DA /* FPAppWindow.m in Sources */,
				83E0D4B50CFFDABA00EB35DA /* AppDelegate.m in Sources */,
				83E0D53C0CFFEFF100EB35DA /* TaskWrapper.m in Sources */,
				83E0D5A60D066BDA00EB35DA /* BundledTask.m in Sources */,
				83E0D5A70D066BDA00EB35DA /* Callback.m in Sources */,
				83E0D67F0D10E3E800EB35DA /* DragWell.m in Sources */,
				83E0D7180D10F83000EB35DA /* PDFList.m in Sources */,
			);
			runOnlyForDeploymentPostprocessing = 0;
		};
/* End PBXSourcesBuildPhase section */

/* Begin PBXVariantGroup section */
		089C165CFE840E0CC02AAC07 /* InfoPlist.strings */ = {
			isa = PBXVariantGroup;
			children = (
				089C165DFE840E0CC02AAC07 /* English */,
			);
			name = InfoPlist.strings;
			sourceTree = "<group>";
		};
		29B97318FDCFA39411CA2CEA /* MainMenu.nib */ = {
			isa = PBXVariantGroup;
			children = (
				29B97319FDCFA39411CA2CEA /* English */,
			);
			name = MainMenu.nib;
			sourceTree = "<group>";
		};
		83E0D4A90CFFDA2500EB35DA /* FPAppWindow.nib */ = {
			isa = PBXVariantGroup;
			children = (
				83E0D4AA0CFFDA2500EB35DA /* English */,
			);
			name = FPAppWindow.nib;
			sourceTree = "<group>";
		};
/* End PBXVariantGroup section */

/* Begin XCBuildConfiguration section */
		C01FCF4B08A954540054247B /* Debug */ = {
			isa = XCBuildConfiguration;
			buildSettings = {
				COPY_PHASE_STRIP = NO;
				GCC_DYNAMIC_NO_PIC = NO;
				GCC_ENABLE_FIX_AND_CONTINUE = YES;
				GCC_MODEL_TUNING = G5;
				GCC_OPTIMIZATION_LEVEL = 0;
				INFOPLIST_FILE = Info.plist;
				INSTALL_PATH = "$(HOME)/Applications";
				PRODUCT_NAME = "Fuse-PDF-App";
				WRAPPER_EXTENSION = app;
				ZERO_LINK = YES;
			};
			name = Debug;
		};
		C01FCF4C08A954540054247B /* Release */ = {
			isa = XCBuildConfiguration;
			buildSettings = {
				ARCHS = (
					ppc,
					i386,
				);
				GCC_GENERATE_DEBUGGING_SYMBOLS = NO;
				GCC_MODEL_TUNING = G5;
				INFOPLIST_FILE = Info.plist;
				INSTALL_PATH = "$(HOME)/Applications";
				PRODUCT_NAME = "Fuse-PDF-App";
				WRAPPER_EXTENSION = app;
			};
			name = Release;
		};
		C01FCF4F08A954540054247B /* Debug */ = {
			isa = XCBuildConfiguration;
			buildSettings = {
				COPY_PHASE_STRIP = NO;
				GCC_ENABLE_OBJC_EXCEPTIONS = YES;
				GCC_WARN_ABOUT_RETURN_TYPE = YES;
				GCC_WARN_UNUSED_VARIABLE = YES;
				PREBINDING = NO;
				SDKROOT = /Developer/SDKs/MacOSX10.4u.sdk;
			};
			name = Debug;
		};
		C01FCF5008A954540054247B /* Release */ = {
			isa = XCBuildConfiguration;
			buildSettings = {
				COPY_PHASE_STRIP = NO;
				GCC_ENABLE_OBJC_EXCEPTIONS = YES;
				GCC_WARN_ABOUT_RETURN_TYPE = YES;
				GCC_WARN_UNUSED_VARIABLE = YES;
				PREBINDING = NO;
				SDKROOT = /Developer/SDKs/MacOSX10.4u.sdk;
			};
			name = Release;
		};
/* End XCBuildConfiguration section */

/* Begin XCConfigurationList section */
		C01FCF4A08A954540054247B /* Build configuration list for PBXNativeTarget "Fuse-PDF-App" */ = {
			isa = XCConfigurationList;
			buildConfigurations = (
				C01FCF4B08A954540054247B /* Debug */,
				C01FCF4C08A954540054247B /* Release */,
			);
			defaultConfigurationIsVisible = 0;
			defaultConfigurationName = Release;
		};
		C01FCF4E08A954540054247B /* Build configuration list for PBXProject "Fuse-PDF-App" */ = {
			isa = XCConfigurationList;
			buildConfigurations = (
				C01FCF4F08A954540054247B /* Debug */,
				C01FCF5008A954540054247B /* Release */,
			);
			defaultConfigurationIsVisible = 0;
			defaultConfigurationName = Release;
		};
/* End XCConfigurationList section */
	};
	rootObject = 29B97313FDCFA39411CA2CEA /* Project object */;
}
